// !$*UTF8*$!
{
	archiveVersion = 1;
	classes = {
	};
	objectVersion = 50;
	objects = {

/* Begin PBXBuildFile section */
		D43A816328579298003827B5 /* BenchTimer.swift in Sources */ = {isa = PBXBuildFile; fileRef = D43A816228579298003827B5 /* BenchTimer.swift */; };
		D43A817728579383003827B5 /* TestHostApp.swift in Sources */ = {isa = PBXBuildFile; fileRef = D43A817628579383003827B5 /* TestHostApp.swift */; };
		D43A817928579383003827B5 /* ContentView.swift in Sources */ = {isa = PBXBuildFile; fileRef = D43A817828579383003827B5 /* ContentView.swift */; };
		D43A817B28579384003827B5 /* Assets.xcassets in Resources */ = {isa = PBXBuildFile; fileRef = D43A817A28579384003827B5 /* Assets.xcassets */; };
		D43A817E28579384003827B5 /* Preview Assets.xcassets in Resources */ = {isa = PBXBuildFile; fileRef = D43A817D28579384003827B5 /* Preview Assets.xcassets */; };
		D4B1F08D2837FD2700117C44 /* TestTests.swift in Sources */ = {isa = PBXBuildFile; fileRef = D4B1F08C2837FD2700117C44 /* TestTests.swift */; };
/* End PBXBuildFile section */

/* Begin PBXContainerItemProxy section */
		D43A81862857938D003827B5 /* PBXContainerItemProxy */ = {
			isa = PBXContainerItemProxy;
			containerPortal = D4B1F06E2837FD2600117C44 /* Project object */;
			proxyType = 1;
			remoteGlobalIDString = D43A817328579383003827B5;
			remoteInfo = TestHost;
		};
/* End PBXContainerItemProxy section */

/* Begin PBXFileReference section */
		D43A816228579298003827B5 /* BenchTimer.swift */ = {isa = PBXFileReference; fileEncoding = 4; lastKnownFileType = sourcecode.swift; path = BenchTimer.swift; sourceTree = "<group>"; };
		D43A817428579383003827B5 /* TestHost.app */ = {isa = PBXFileReference; explicitFileType = wrapper.application; includeInIndex = 0; path = TestHost.app; sourceTree = BUILT_PRODUCTS_DIR; };
		D43A817628579383003827B5 /* TestHostApp.swift */ = {isa = PBXFileReference; lastKnownFileType = sourcecode.swift; path = TestHostApp.swift; sourceTree = "<group>"; };
		D43A817828579383003827B5 /* ContentView.swift */ = {isa = PBXFileReference; lastKnownFileType = sourcecode.swift; path = ContentView.swift; sourceTree = "<group>"; };
		D43A817A28579384003827B5 /* Assets.xcassets */ = {isa = PBXFileReference; lastKnownFileType = folder.assetcatalog; path = Assets.xcassets; sourceTree = "<group>"; };
		D43A817D28579384003827B5 /* Preview Assets.xcassets */ = {isa = PBXFileReference; lastKnownFileType = folder.assetcatalog; path = "Preview Assets.xcassets"; sourceTree = "<group>"; };
		D43A817F28579384003827B5 /* Info.plist */ = {isa = PBXFileReference; lastKnownFileType = text.plist.xml; path = Info.plist; sourceTree = "<group>"; };
		D43A818028579384003827B5 /* TestHost.entitlements */ = {isa = PBXFileReference; lastKnownFileType = text.plist.entitlements; path = TestHost.entitlements; sourceTree = "<group>"; };
		D4B1F0882837FD2700117C44 /* TestTests.xctest */ = {isa = PBXFileReference; explicitFileType = wrapper.cfbundle; includeInIndex = 0; path = TestTests.xctest; sourceTree = BUILT_PRODUCTS_DIR; };
		D4B1F08C2837FD2700117C44 /* TestTests.swift */ = {isa = PBXFileReference; lastKnownFileType = sourcecode.swift; path = TestTests.swift; sourceTree = "<group>"; };
		D4B1F08E2837FD2700117C44 /* Info.plist */ = {isa = PBXFileReference; lastKnownFileType = text.plist.xml; path = Info.plist; sourceTree = "<group>"; };
/* End PBXFileReference section */

/* Begin PBXFrameworksBuildPhase section */
		D43A817128579383003827B5 /* Frameworks */ = {
			isa = PBXFrameworksBuildPhase;
			buildActionMask = 2147483647;
			files = (
			);
			runOnlyForDeploymentPostprocessing = 0;
		};
		D4B1F0852837FD2700117C44 /* Frameworks */ = {
			isa = PBXFrameworksBuildPhase;
			buildActionMask = 2147483647;
			files = (
			);
			runOnlyForDeploymentPostprocessing = 0;
		};
/* End PBXFrameworksBuildPhase section */

/* Begin PBXGroup section */
		D43A817528579383003827B5 /* TestHost */ = {
			isa = PBXGroup;
			children = (
				D43A817628579383003827B5 /* TestHostApp.swift */,
				D43A817828579383003827B5 /* ContentView.swift */,
				D43A817A28579384003827B5 /* Assets.xcassets */,
				D43A817F28579384003827B5 /* Info.plist */,
				D43A818028579384003827B5 /* TestHost.entitlements */,
				D43A817C28579384003827B5 /* Preview Content */,
			);
			path = TestHost;
			sourceTree = "<group>";
		};
		D43A817C28579384003827B5 /* Preview Content */ = {
			isa = PBXGroup;
			children = (
				D43A817D28579384003827B5 /* Preview Assets.xcassets */,
			);
			path = "Preview Content";
			sourceTree = "<group>";
		};
		D4B1F06D2837FD2600117C44 = {
			isa = PBXGroup;
			children = (
				D4B1F08B2837FD2700117C44 /* TestTests */,
				D43A817528579383003827B5 /* TestHost */,
				D4B1F0772837FD2600117C44 /* Products */,
			);
			sourceTree = "<group>";
		};
		D4B1F0772837FD2600117C44 /* Products */ = {
			isa = PBXGroup;
			children = (
				D4B1F0882837FD2700117C44 /* TestTests.xctest */,
				D43A817428579383003827B5 /* TestHost.app */,
			);
			name = Products;
			sourceTree = "<group>";
		};
		D4B1F08B2837FD2700117C44 /* TestTests */ = {
			isa = PBXGroup;
			children = (
				D43A816228579298003827B5 /* BenchTimer.swift */,
				D4B1F08C2837FD2700117C44 /* TestTests.swift */,
				D4B1F08E2837FD2700117C44 /* Info.plist */,
			);
			path = TestTests;
			sourceTree = "<group>";
		};
/* End PBXGroup section */

/* Begin PBXNativeTarget section */
		D43A817328579383003827B5 /* TestHost */ = {
			isa = PBXNativeTarget;
			buildConfigurationList = D43A818128579384003827B5 /* Build configuration list for PBXNativeTarget "TestHost" */;
			buildPhases = (
				D43A817028579383003827B5 /* Sources */,
				D43A817128579383003827B5 /* Frameworks */,
				D43A817228579383003827B5 /* Resources */,
			);
			buildRules = (
			);
			dependencies = (
			);
			name = TestHost;
			productName = TestHost;
			productReference = D43A817428579383003827B5 /* TestHost.app */;
			productType = "com.apple.product-type.application";
		};
		D4B1F0872837FD2700117C44 /* TestTests */ = {
			isa = PBXNativeTarget;
			buildConfigurationList = D4B1F09F2837FD2700117C44 /* Build configuration list for PBXNativeTarget "TestTests" */;
			buildPhases = (
				D4B1F0842837FD2700117C44 /* Sources */,
				D4B1F0852837FD2700117C44 /* Frameworks */,
				D4B1F0862837FD2700117C44 /* Resources */,
			);
			buildRules = (
			);
			dependencies = (
				D43A81872857938D003827B5 /* PBXTargetDependency */,
			);
			name = TestTests;
			productName = TestTests;
			productReference = D4B1F0882837FD2700117C44 /* TestTests.xctest */;
			productType = "com.apple.product-type.bundle.unit-test";
		};
/* End PBXNativeTarget section */

/* Begin PBXProject section */
		D4B1F06E2837FD2600117C44 /* Project object */ = {
			isa = PBXProject;
			attributes = {
				LastSwiftUpdateCheck = 1240;
				LastUpgradeCheck = 1240;
				TargetAttributes = {
					D43A817328579383003827B5 = {
						CreatedOnToolsVersion = 12.4;
					};
					D4B1F0872837FD2700117C44 = {
						CreatedOnToolsVersion = 12.4;
						TestTargetID = D43A817328579383003827B5;
					};
				};
			};
			buildConfigurationList = D4B1F0712837FD2600117C44 /* Build configuration list for PBXProject "Test" */;
			compatibilityVersion = "Xcode 9.3";
			developmentRegion = en;
			hasScannedForEncodings = 0;
			knownRegions = (
				en,
				Base,
			);
			mainGroup = D4B1F06D2837FD2600117C44;
			productRefGroup = D4B1F0772837FD2600117C44 /* Products */;
			projectDirPath = "";
			projectRoot = "";
			targets = (
				D4B1F0872837FD2700117C44 /* TestTests */,
				D43A817328579383003827B5 /* TestHost */,
			);
		};
/* End PBXProject section */

/* Begin PBXResourcesBuildPhase section */
		D43A817228579383003827B5 /* Resources */ = {
			isa = PBXResourcesBuildPhase;
			buildActionMask = 2147483647;
			files = (
				D43A817E28579384003827B5 /* Preview Assets.xcassets in Resources */,
				D43A817B28579384003827B5 /* Assets.xcassets in Resources */,
			);
			runOnlyForDeploymentPostprocessing = 0;
		};
		D4B1F0862837FD2700117C44 /* Resources */ = {
			isa = PBXResourcesBuildPhase;
			buildActionMask = 2147483647;
			files = (
			);
			runOnlyForDeploymentPostprocessing = 0;
		};
/* End PBXResourcesBuildPhase section */

/* Begin PBXSourcesBuildPhase section */
		D43A817028579383003827B5 /* Sources */ = {
			isa = PBXSourcesBuildPhase;
			buildActionMask = 2147483647;
			files = (
				D43A817928579383003827B5 /* ContentView.swift in Sources */,
				D43A817728579383003827B5 /* TestHostApp.swift in Sources */,
			);
			runOnlyForDeploymentPostprocessing = 0;
		};
		D4B1F0842837FD2700117C44 /* Sources */ = {
			isa = PBXSourcesBuildPhase;
			buildActionMask = 2147483647;
			files = (
				D43A816328579298003827B5 /* BenchTimer.swift in Sources */,
				D4B1F08D2837FD2700117C44 /* TestTests.swift in Sources */,
			);
			runOnlyForDeploymentPostprocessing = 0;
		};
/* End PBXSourcesBuildPhase section */

/* Begin PBXTargetDependency section */
		D43A81872857938D003827B5 /* PBXTargetDependency */ = {
			isa = PBXTargetDependency;
			target = D43A817328579383003827B5 /* TestHost */;
			targetProxy = D43A81862857938D003827B5 /* PBXContainerItemProxy */;
		};
/* End PBXTargetDependency section */

/* Begin XCBuildConfiguration section */
		D43A818228579384003827B5 /* Debug */ = {
			isa = XCBuildConfiguration;
			buildSettings = {
				ASSETCATALOG_COMPILER_APPICON_NAME = AppIcon;
				ASSETCATALOG_COMPILER_GLOBAL_ACCENT_COLOR_NAME = AccentColor;
				CODE_SIGN_ENTITLEMENTS = TestHost/TestHost.entitlements;
				CODE_SIGN_STYLE = Automatic;
				COMBINE_HIDPI_IMAGES = YES;
				DEVELOPMENT_ASSET_PATHS = "\"TestHost/Preview Content\"";
				DEVELOPMENT_TEAM = PLNW824F82;
				ENABLE_HARDENED_RUNTIME = YES;
				ENABLE_PREVIEWS = YES;
				INFOPLIST_FILE = TestHost/Info.plist;
				LD_RUNPATH_SEARCH_PATHS = (
					"$(inherited)",
					"@executable_path/../Frameworks",
				);
				MACOSX_DEPLOYMENT_TARGET = 11.0;
				PRODUCT_BUNDLE_IDENTIFIER = Test.TestHost;
				PRODUCT_NAME = "$(TARGET_NAME)";
				SWIFT_VERSION = 5.0;
			};
			name = Debug;
		};
		D43A818328579384003827B5 /* Release */ = {
			isa = XCBuildConfiguration;
			buildSettings = {
				ASSETCATALOG_COMPILER_APPICON_NAME = AppIcon;
				ASSETCATALOG_COMPILER_GLOBAL_ACCENT_COLOR_NAME = AccentColor;
				CODE_SIGN_ENTITLEMENTS = TestHost/TestHost.entitlements;
				CODE_SIGN_STYLE = Automatic;
				COMBINE_HIDPI_IMAGES = YES;
				DEVELOPMENT_ASSET_PATHS = "\"TestHost/Preview Content\"";
				DEVELOPMENT_TEAM = PLNW824F82;
				ENABLE_HARDENED_RUNTIME = YES;
				ENABLE_PREVIEWS = YES;
				INFOPLIST_FILE = TestHost/Info.plist;
				LD_RUNPATH_SEARCH_PATHS = (
					"$(inherited)",
					"@executable_path/../Frameworks",
				);
				MACOSX_DEPLOYMENT_TARGET = 11.0;
				PRODUCT_BUNDLE_IDENTIFIER = Test.TestHost;
				PRODUCT_NAME = "$(TARGET_NAME)";
				SWIFT_VERSION = 5.0;
			};
			name = Release;
		};
		D4B1F09A2837FD2700117C44 /* Debug */ = {
			isa = XCBuildConfiguration;
			buildSettings = {
				ALWAYS_SEARCH_USER_PATHS = NO;
				CLANG_ANALYZER_NONNULL = YES;
				CLANG_ANALYZER_NUMBER_OBJECT_CONVERSION = YES_AGGRESSIVE;
				CLANG_CXX_LANGUAGE_STANDARD = "gnu++14";
				CLANG_CXX_LIBRARY = "libc++";
				CLANG_ENABLE_MODULES = YES;
				CLANG_ENABLE_OBJC_ARC = YES;
				CLANG_ENABLE_OBJC_WEAK = YES;
				CLANG_WARN_BLOCK_CAPTURE_AUTORELEASING = YES;
				CLANG_WARN_BOOL_CONVERSION = YES;
				CLANG_WARN_COMMA = YES;
				CLANG_WARN_CONSTANT_CONVERSION = YES;
				CLANG_WARN_DEPRECATED_OBJC_IMPLEMENTATIONS = YES;
				CLANG_WARN_DIRECT_OBJC_ISA_USAGE = YES_ERROR;
				CLANG_WARN_DOCUMENTATION_COMMENTS = YES;
				CLANG_WARN_EMPTY_BODY = YES;
				CLANG_WARN_ENUM_CONVERSION = YES;
				CLANG_WARN_INFINITE_RECURSION = YES;
				CLANG_WARN_INT_CONVERSION = YES;
				CLANG_WARN_NON_LITERAL_NULL_CONVERSION = YES;
				CLANG_WARN_OBJC_IMPLICIT_RETAIN_SELF = YES;
				CLANG_WARN_OBJC_LITERAL_CONVERSION = YES;
				CLANG_WARN_OBJC_ROOT_CLASS = YES_ERROR;
				CLANG_WARN_QUOTED_INCLUDE_IN_FRAMEWORK_HEADER = YES;
				CLANG_WARN_RANGE_LOOP_ANALYSIS = YES;
				CLANG_WARN_STRICT_PROTOTYPES = YES;
				CLANG_WARN_SUSPICIOUS_MOVE = YES;
				CLANG_WARN_UNGUARDED_AVAILABILITY = YES_AGGRESSIVE;
				CLANG_WARN_UNREACHABLE_CODE = YES;
				CLANG_WARN__DUPLICATE_METHOD_MATCH = YES;
				COPY_PHASE_STRIP = NO;
				DEBUG_INFORMATION_FORMAT = dwarf;
				ENABLE_STRICT_OBJC_MSGSEND = YES;
				ENABLE_TESTABILITY = YES;
				GCC_C_LANGUAGE_STANDARD = gnu11;
				GCC_DYNAMIC_NO_PIC = NO;
				GCC_NO_COMMON_BLOCKS = YES;
				GCC_OPTIMIZATION_LEVEL = 0;
				GCC_PREPROCESSOR_DEFINITIONS = (
					"DEBUG=1",
					"$(inherited)",
				);
				GCC_WARN_64_TO_32_BIT_CONVERSION = YES;
				GCC_WARN_ABOUT_RETURN_TYPE = YES_ERROR;
				GCC_WARN_UNDECLARED_SELECTOR = YES;
				GCC_WARN_UNINITIALIZED_AUTOS = YES_AGGRESSIVE;
				GCC_WARN_UNUSED_FUNCTION = YES;
				GCC_WARN_UNUSED_VARIABLE = YES;
				MACOSX_DEPLOYMENT_TARGET = 11.1;
				MTL_ENABLE_DEBUG_INFO = INCLUDE_SOURCE;
				MTL_FAST_MATH = YES;
				ONLY_ACTIVE_ARCH = YES;
				SDKROOT = macosx;
				SWIFT_ACTIVE_COMPILATION_CONDITIONS = DEBUG;
				SWIFT_OPTIMIZATION_LEVEL = "-Onone";
			};
			name = Debug;
		};
		D4B1F09B2837FD2700117C44 /* Release */ = {
			isa = XCBuildConfiguration;
			buildSettings = {
				ALWAYS_SEARCH_USER_PATHS = NO;
				CLANG_ANALYZER_NONNULL = YES;
				CLANG_ANALYZER_NUMBER_OBJECT_CONVERSION = YES_AGGRESSIVE;
				CLANG_CXX_LANGUAGE_STANDARD = "gnu++14";
				CLANG_CXX_LIBRARY = "libc++";
				CLANG_ENABLE_MODULES = YES;
				CLANG_ENABLE_OBJC_ARC = YES;
				CLANG_ENABLE_OBJC_WEAK = YES;
				CLANG_WARN_BLOCK_CAPTURE_AUTORELEASING = YES;
				CLANG_WARN_BOOL_CONVERSION = YES;
				CLANG_WARN_COMMA = YES;
				CLANG_WARN_CONSTANT_CONVERSION = YES;
				CLANG_WARN_DEPRECATED_OBJC_IMPLEMENTATIONS = YES;
				CLANG_WARN_DIRECT_OBJC_ISA_USAGE = YES_ERROR;
				CLANG_WARN_DOCUMENTATION_COMMENTS = YES;
				CLANG_WARN_EMPTY_BODY = YES;
				CLANG_WARN_ENUM_CONVERSION = YES;
				CLANG_WARN_INFINITE_RECURSION = YES;
				CLANG_WARN_INT_CONVERSION = YES;
				CLANG_WARN_NON_LITERAL_NULL_CONVERSION = YES;
				CLANG_WARN_OBJC_IMPLICIT_RETAIN_SELF = YES;
				CLANG_WARN_OBJC_LITERAL_CONVERSION = YES;
				CLANG_WARN_OBJC_ROOT_CLASS = YES_ERROR;
				CLANG_WARN_QUOTED_INCLUDE_IN_FRAMEWORK_HEADER = YES;
				CLANG_WARN_RANGE_LOOP_ANALYSIS = YES;
				CLANG_WARN_STRICT_PROTOTYPES = YES;
				CLANG_WARN_SUSPICIOUS_MOVE = YES;
				CLANG_WARN_UNGUARDED_AVAILABILITY = YES_AGGRESSIVE;
				CLANG_WARN_UNREACHABLE_CODE = YES;
				CLANG_WARN__DUPLICATE_METHOD_MATCH = YES;
				COPY_PHASE_STRIP = NO;
				DEBUG_INFORMATION_FORMAT = "dwarf-with-dsym";
				ENABLE_NS_ASSERTIONS = NO;
				ENABLE_STRICT_OBJC_MSGSEND = YES;
				GCC_C_LANGUAGE_STANDARD = gnu11;
				GCC_NO_COMMON_BLOCKS = YES;
				GCC_WARN_64_TO_32_BIT_CONVERSION = YES;
				GCC_WARN_ABOUT_RETURN_TYPE = YES_ERROR;
				GCC_WARN_UNDECLARED_SELECTOR = YES;
				GCC_WARN_UNINITIALIZED_AUTOS = YES_AGGRESSIVE;
				GCC_WARN_UNUSED_FUNCTION = YES;
				GCC_WARN_UNUSED_VARIABLE = YES;
				MACOSX_DEPLOYMENT_TARGET = 11.1;
				MTL_ENABLE_DEBUG_INFO = NO;
				MTL_FAST_MATH = YES;
				SDKROOT = macosx;
				SWIFT_COMPILATION_MODE = wholemodule;
				SWIFT_OPTIMIZATION_LEVEL = "-O";
			};
			name = Release;
		};
		D4B1F0A02837FD2700117C44 /* Debug */ = {
			isa = XCBuildConfiguration;
			buildSettings = {
				BUNDLE_LOADER = "$(TEST_HOST)";
				CODE_SIGN_STYLE = Automatic;
				COMBINE_HIDPI_IMAGES = YES;
				DEVELOPMENT_TEAM = PLNW824F82;
				INFOPLIST_FILE = TestTests/Info.plist;
				LD_RUNPATH_SEARCH_PATHS = (
					"$(inherited)",
					"@executable_path/../Frameworks",
					"@loader_path/../Frameworks",
				);
				MACOSX_DEPLOYMENT_TARGET = 11.0;
				PRODUCT_BUNDLE_IDENTIFIER = Test.TestTests;
				PRODUCT_NAME = "$(TARGET_NAME)";
				SWIFT_VERSION = 5.0;
				TEST_HOST = "$(BUILT_PRODUCTS_DIR)/TestHost.app/Contents/MacOS/TestHost";
			};
			name = Debug;
		};
		D4B1F0A12837FD2700117C44 /* Release */ = {
			isa = XCBuildConfiguration;
			buildSettings = {
				BUNDLE_LOADER = "$(TEST_HOST)";
				CODE_SIGN_STYLE = Automatic;
				COMBINE_HIDPI_IMAGES = YES;
				DEVELOPMENT_TEAM = PLNW824F82;
				INFOPLIST_FILE = TestTests/Info.plist;
				LD_RUNPATH_SEARCH_PATHS = (
					"$(inherited)",
					"@executable_path/../Frameworks",
					"@loader_path/../Frameworks",
				);
				MACOSX_DEPLOYMENT_TARGET = 11.0;
				PRODUCT_BUNDLE_IDENTIFIER = Test.TestTests;
				PRODUCT_NAME = "$(TARGET_NAME)";
				SWIFT_VERSION = 5.0;
				TEST_HOST = "$(BUILT_PRODUCTS_DIR)/TestHost.app/Contents/MacOS/TestHost";
			};
			name = Release;
		};
/* End XCBuildConfiguration section */

/* Begin XCConfigurationList section */
		D43A818128579384003827B5 /* Build configuration list for PBXNativeTarget "TestHost" */ = {
			isa = XCConfigurationList;
			buildConfigurations = (
				D43A818228579384003827B5 /* Debug */,
				D43A818328579384003827B5 /* Release */,
			);
			defaultConfigurationIsVisible = 0;
			defaultConfigurationName = Release;
		};
		D4B1F0712837FD2600117C44 /* Build configuration list for PBXProject "Test" */ = {
			isa = XCConfigurationList;
			buildConfigurations = (
				D4B1F09A2837FD2700117C44 /* Debug */,
				D4B1F09B2837FD2700117C44 /* Release */,
			);
			defaultConfigurationIsVisible = 0;
			defaultConfigurationName = Release;
		};
		D4B1F09F2837FD2700117C44 /* Build configuration list for PBXNativeTarget "TestTests" */ = {
			isa = XCConfigurationList;
			buildConfigurations = (
				D4B1F0A02837FD2700117C44 /* Debug */,
				D4B1F0A12837FD2700117C44 /* Release */,
			);
			defaultConfigurationIsVisible = 0;
			defaultConfigurationName = Release;
		};
/* End XCConfigurationList section */
	};
	rootObject = D4B1F06E2837FD2600117C44 /* Project object */;
}
